{
  "name": "netmatters-js-reflection",
  "version": "1.0.0",
  "lockfileVersion": 1,
  "requires": true,
  "dependencies": {
    "jquery.mmenu": {
      "version": "7.3.3",
      "resolved": "https://registry.npmjs.org/jquery.mmenu/-/jquery.mmenu-7.3.3.tgz",
      "integrity": "sha512-TzTd+Ru9ipFeWsbwGdDGKWapTEYRX4ZWILR0QA7hZ4dCL/JeSIDGMcqdpKRCR3CCl0pKwpgJf7NJ+n9JnMDc/A=="
    },
    "mmenu-js": {
      "version": "8.5.15",
      "resolved": "https://registry.npmjs.org/mmenu-js/-/mmenu-js-8.5.15.tgz",
      "integrity": "sha512-cLt1e4rJZOgsEnACpixkmant0WHAjaJmHjItqcP1iVpo1hHlZ7EgZhttDUtwIgsDJ81OLKCa42BmyyM42Upn1w=="
    }
  }
}
